<?xml version="1.0" encoding="utf-8"?>
<Project ToolsVersion="4.0" xmlns="http://schemas.microsoft.com/developer/msbuild/2003">
  <ItemGroup>
    <Filter Include="Resource Files">
      <UniqueIdentifier>{67DA6AB6-F800-4c08-8B7A-83BB121AAD01}</UniqueIdentifier>
      <Extensions>rc;ico;cur;bmp;dlg;rc2;rct;bin;rgs;gif;jpg;jpeg;jpe;resx;tiff;tif;png;wav;mfcribbon-ms</Extensions>
    </Filter>
    <Filter Include="Commands">
      <UniqueIdentifier>{93995380-89BD-4b04-88EB-625FBE52EBFB}</UniqueIdentifier>
      <Extensions>h;hh;hpp;hxx;h++;hm;inl;inc;ipp;xsd</Extensions>
    </Filter>
    <Filter Include="Components">
      <UniqueIdentifier>{4FC737F1-C7A5-4376-A066-2A32D752A2FF}</UniqueIdentifier>
      <Extensions>cpp;c;cc;cxx;c++;cppm;ixx;def;odl;idl;hpj;bat;asm;asmx</Extensions>
    </Filter>
    <Filter Include="Commands\DieCommand">
      <UniqueIdentifier>{ba3d893f-e419-4074-80fb-e2c7002b16ea}</UniqueIdentifier>
    </Filter>
    <Filter Include="Commands\MoveCommand">
      <UniqueIdentifier>{eb535475-feeb-48d3-9e91-addf1e873955}</UniqueIdentifier>
    </Filter>
    <Filter Include="Commands\PointsCommand">
      <UniqueIdentifier>{bd8ecdb9-1b04-43b7-bc14-c22d2eab4014}</UniqueIdentifier>
    </Filter>
    <Filter Include="Components\LivesComponent">
      <UniqueIdentifier>{75306034-cfcc-47ae-b32f-31620fd1ef89}</UniqueIdentifier>
    </Filter>
    <Filter Include="Components\MrPepperComponent">
      <UniqueIdentifier>{34fc81ad-c06d-487d-baae-84ea64c1a72a}</UniqueIdentifier>
    </Filter>
    <Filter Include="BurgerTime">
      <UniqueIdentifier>{6400a6fd-572f-4253-ac7e-7708a1e41dd3}</UniqueIdentifier>
    </Filter>
    <Filter Include="PCH">
      <UniqueIdentifier>{b8ec22c5-64f2-43dc-a12e-ea1f50c19023}</UniqueIdentifier>
    </Filter>
    <Filter Include="States">
      <UniqueIdentifier>{43c47747-4023-4105-bdf6-6d85551b30ad}</UniqueIdentifier>
    </Filter>
    <Filter Include="States\IdleState">
      <UniqueIdentifier>{7b7cbbf9-e172-4e8f-a12a-c3bd62c85424}</UniqueIdentifier>
    </Filter>
    <Filter Include="States\MoveState">
      <UniqueIdentifier>{7961a667-277d-4db5-9e1e-f93e43c154f3}</UniqueIdentifier>
    </Filter>
    <Filter Include="Commands\StopCommand">
      <UniqueIdentifier>{d3bbc9f5-ef65-43e9-aa42-7675c93e1f20}</UniqueIdentifier>
    </Filter>
    <Filter Include="Components\Map">
      <UniqueIdentifier>{4ed59fb1-6fbb-4239-b798-87c0c7caa7d7}</UniqueIdentifier>
    </Filter>
    <Filter Include="Components\Map\PlatformComponent">
      <UniqueIdentifier>{893fb3a7-1e15-42df-abf6-657b7dade806}</UniqueIdentifier>
    </Filter>
    <Filter Include="Components\Map\LadderPlatformComponent">
      <UniqueIdentifier>{7e512f97-805f-4aa1-8c88-86cc438cc4fc}</UniqueIdentifier>
    </Filter>
    <Filter Include="Components\Map\LadderComponent">
      <UniqueIdentifier>{90fcc00e-b431-47cf-915d-bf1fe6483ff2}</UniqueIdentifier>
    </Filter>
    <Filter Include="Components\PhysicsBodyComponent">
      <UniqueIdentifier>{51417d80-4b17-4dbe-894f-060accfeb624}</UniqueIdentifier>
    </Filter>
  </ItemGroup>
  <ItemGroup>
    <ClCompile Include="Game.cpp" />
    <ClCompile Include="DieCommand.cpp">
      <Filter>Commands\DieCommand</Filter>
    </ClCompile>
    <ClCompile Include="MoveCommand.cpp">
      <Filter>Commands\MoveCommand</Filter>
    </ClCompile>
    <ClCompile Include="PointsCommand.cpp">
      <Filter>Commands\PointsCommand</Filter>
    </ClCompile>
    <ClCompile Include="LivesComponent.cpp">
      <Filter>Components\LivesComponent</Filter>
    </ClCompile>
    <ClCompile Include="MrPepperComponent.cpp">
      <Filter>Components\MrPepperComponent</Filter>
    </ClCompile>
    <ClCompile Include="BurgerTime.cpp">
      <Filter>BurgerTime</Filter>
    </ClCompile>
    <ClCompile Include="BurgerTimePCH.cpp">
      <Filter>PCH</Filter>
    </ClCompile>
    <ClCompile Include="IdleState.cpp">
      <Filter>States\IdleState</Filter>
    </ClCompile>
    <ClCompile Include="MoveState.cpp">
      <Filter>States\MoveState</Filter>
    </ClCompile>
    <ClCompile Include="StopCommand.cpp">
      <Filter>Commands\StopCommand</Filter>
    </ClCompile>
    <ClCompile Include="PhysicsBodyComponent.cpp">
      <Filter>Components\PhysicsBodyComponent</Filter>
    </ClCompile>
  </ItemGroup>
  <ItemGroup>
    <ClInclude Include="DieCommand.h">
      <Filter>Commands\DieCommand</Filter>
    </ClInclude>
    <ClInclude Include="MoveCommand.h">
      <Filter>Commands\MoveCommand</Filter>
    </ClInclude>
    <ClInclude Include="PointsCommand.h">
      <Filter>Commands\PointsCommand</Filter>
    </ClInclude>
    <ClInclude Include="LivesComponent.h">
      <Filter>Components\LivesComponent</Filter>
    </ClInclude>
    <ClInclude Include="MrPepperComponent.h">
      <Filter>Components\MrPepperComponent</Filter>
    </ClInclude>
    <ClInclude Include="BurgerTime.h">
      <Filter>BurgerTime</Filter>
    </ClInclude>
    <ClInclude Include="BurgerTimePCH.h">
      <Filter>PCH</Filter>
    </ClInclude>
    <ClInclude Include="IdleState.h">
      <Filter>States\IdleState</Filter>
    </ClInclude>
    <ClInclude Include="MoveState.h">
      <Filter>States\MoveState</Filter>
    </ClInclude>
    <ClInclude Include="StopCommand.h">
      <Filter>Commands\StopCommand</Filter>
    </ClInclude>
    <ClInclude Include="PhysicsBodyComponent.h">
      <Filter>Components\PhysicsBodyComponent</Filter>
    </ClInclude>
  </ItemGroup>
</Project>