<?xml version="1.0" encoding="utf-8"?>
<Project ToolsVersion="4.0" xmlns="http://schemas.microsoft.com/developer/msbuild/2003">
  <ItemGroup>
    <Filter Include="Resource Files">
      <UniqueIdentifier>{67DA6AB6-F800-4c08-8B7A-83BB121AAD01}</UniqueIdentifier>
      <Extensions>rc;ico;cur;bmp;dlg;rc2;rct;bin;rgs;gif;jpg;jpeg;jpe;resx;tiff;tif;png;wav;mfcribbon-ms</Extensions>
    </Filter>
    <Filter Include="Minigin Files">
      <UniqueIdentifier>{93995380-89BD-4b04-88EB-625FBE52EBFB}</UniqueIdentifier>
      <Extensions>h;hh;hpp;hxx;hm;inl;inc;xsd</Extensions>
    </Filter>
    <Filter Include="Component Files">
      <UniqueIdentifier>{4FC737F1-C7A5-4376-A066-2A32D752A2FF}</UniqueIdentifier>
      <Extensions>cpp;c;cc;cxx;def;odl;idl;hpj;bat;asm;asmx</Extensions>
    </Filter>
    <Filter Include="Component Files\TransformComponent">
      <UniqueIdentifier>{e819bc0a-a741-4a4c-97ca-2bc1dd2fbdba}</UniqueIdentifier>
    </Filter>
    <Filter Include="Component Files\RenderComponent">
      <UniqueIdentifier>{bd8f82ff-677c-4be8-9a66-484a554b0541}</UniqueIdentifier>
    </Filter>
    <Filter Include="Component Files\TextComponent">
      <UniqueIdentifier>{ac9c3f2c-d9fb-4b34-97f8-ffdfd62780b8}</UniqueIdentifier>
    </Filter>
    <Filter Include="Component Files\FPSComponent">
      <UniqueIdentifier>{590edf47-9237-4baf-b1e4-f7302b06d114}</UniqueIdentifier>
    </Filter>
    <Filter Include="Imgui">
      <UniqueIdentifier>{36324eb9-3596-42a8-8480-59f6c7797d87}</UniqueIdentifier>
    </Filter>
    <Filter Include="Component Files\ImGuiComponent">
      <UniqueIdentifier>{d5e2c930-eadd-4408-ac41-efe33a7005e8}</UniqueIdentifier>
    </Filter>
    <Filter Include="Commands">
      <UniqueIdentifier>{a8b4ea47-b6e5-425f-abd0-501d65f0a7db}</UniqueIdentifier>
    </Filter>
    <Filter Include="Input">
      <UniqueIdentifier>{cbce368f-ce63-4051-b09c-8cb7f1789870}</UniqueIdentifier>
    </Filter>
    <Filter Include="Commands\Move">
      <UniqueIdentifier>{80e12c2c-3fcb-450c-a4bc-d73ddddcb11b}</UniqueIdentifier>
    </Filter>
    <Filter Include="Component Files\PlayerControllerComponent">
      <UniqueIdentifier>{22528094-9cb4-4149-9041-3e97c67097c1}</UniqueIdentifier>
    </Filter>
    <Filter Include="Commands\Jump">
      <UniqueIdentifier>{8f79ef75-e8ab-49e4-8a34-792926634762}</UniqueIdentifier>
    </Filter>
    <Filter Include="Commands\Die">
      <UniqueIdentifier>{b78ff8dd-932b-4903-8fea-3739813191a1}</UniqueIdentifier>
    </Filter>
    <Filter Include="Observer Files">
      <UniqueIdentifier>{b33e70af-773b-4bf6-ad2b-9ef5f05721d4}</UniqueIdentifier>
    </Filter>
    <Filter Include="Observer Files\Subject">
      <UniqueIdentifier>{e443e11f-fc70-481d-a7d5-61ddec64eb47}</UniqueIdentifier>
    </Filter>
    <Filter Include="Observer Files\Observer">
      <UniqueIdentifier>{ad2005db-3af6-4341-8617-77697e3824ce}</UniqueIdentifier>
    </Filter>
    <Filter Include="Component Files\MrPepperComponent">
      <UniqueIdentifier>{d16a0285-7b5c-4d8d-9993-f53339846f2b}</UniqueIdentifier>
    </Filter>
    <Filter Include="Component Files\LivesComponent">
      <UniqueIdentifier>{1668d01f-251f-4ce8-9550-09c4e2f84e1c}</UniqueIdentifier>
    </Filter>
    <Filter Include="Component Files\ScoreComponent">
      <UniqueIdentifier>{f174992b-428e-45bc-bb2c-f5282a7ca6a3}</UniqueIdentifier>
    </Filter>
    <Filter Include="Commands\GetPoints">
      <UniqueIdentifier>{c359a55f-5b5a-42a5-a7a3-1e7724fb7ca0}</UniqueIdentifier>
    </Filter>
    <Filter Include="Minigin Files\Clock">
      <UniqueIdentifier>{af87e328-cfa5-4394-978f-4282acbe7def}</UniqueIdentifier>
    </Filter>
  </ItemGroup>
  <ItemGroup>
    <ClInclude Include="MiniginPCH.h">
      <Filter>Minigin Files</Filter>
    </ClInclude>
    <ClInclude Include="Singleton.h">
      <Filter>Minigin Files</Filter>
    </ClInclude>
    <ClInclude Include="ResourceManager.h">
      <Filter>Minigin Files</Filter>
    </ClInclude>
    <ClInclude Include="Renderer.h">
      <Filter>Minigin Files</Filter>
    </ClInclude>
    <ClInclude Include="Texture2D.h">
      <Filter>Minigin Files</Filter>
    </ClInclude>
    <ClInclude Include="GameObject.h">
      <Filter>Minigin Files</Filter>
    </ClInclude>
    <ClInclude Include="Transform.h">
      <Filter>Minigin Files</Filter>
    </ClInclude>
    <ClInclude Include="Scene.h">
      <Filter>Minigin Files</Filter>
    </ClInclude>
    <ClInclude Include="SceneManager.h">
      <Filter>Minigin Files</Filter>
    </ClInclude>
    <ClInclude Include="Font.h">
      <Filter>Minigin Files</Filter>
    </ClInclude>
    <ClInclude Include="Minigin.h">
      <Filter>Minigin Files</Filter>
    </ClInclude>
    <ClInclude Include="Component.h">
      <Filter>Component Files</Filter>
    </ClInclude>
    <ClInclude Include="TransformComponent.h">
      <Filter>Component Files\TransformComponent</Filter>
    </ClInclude>
    <ClInclude Include="RenderComponent.h">
      <Filter>Component Files\RenderComponent</Filter>
    </ClInclude>
    <ClInclude Include="TextComponent.h">
      <Filter>Component Files\TextComponent</Filter>
    </ClInclude>
    <ClInclude Include="FPSComponent.h">
      <Filter>Component Files\FPSComponent</Filter>
    </ClInclude>
    <ClInclude Include="Clock.h">
      <Filter>Minigin Files\Clock</Filter>
    </ClInclude>
    <ClInclude Include="Imgui\imconfig.h">
      <Filter>Imgui</Filter>
    </ClInclude>
    <ClInclude Include="Imgui\imgui.h">
      <Filter>Imgui</Filter>
    </ClInclude>
    <ClInclude Include="Imgui\imgui_impl_opengl2.h">
      <Filter>Imgui</Filter>
    </ClInclude>
    <ClInclude Include="Imgui\imgui_impl_sdl.h">
      <Filter>Imgui</Filter>
    </ClInclude>
    <ClInclude Include="Imgui\imgui_internal.h">
      <Filter>Imgui</Filter>
    </ClInclude>
    <ClInclude Include="Imgui\imstb_rectpack.h">
      <Filter>Imgui</Filter>
    </ClInclude>
    <ClInclude Include="Imgui\imstb_textedit.h">
      <Filter>Imgui</Filter>
    </ClInclude>
    <ClInclude Include="Imgui\imstb_truetype.h">
      <Filter>Imgui</Filter>
    </ClInclude>
    <ClInclude Include="Imgui\imgui_plot.h">
      <Filter>Imgui</Filter>
    </ClInclude>
    <ClInclude Include="ImGuiComponent.h">
      <Filter>Component Files\ImGuiComponent</Filter>
    </ClInclude>
    <ClInclude Include="InputManager.h">
      <Filter>Input</Filter>
    </ClInclude>
    <ClInclude Include="Command.h">
      <Filter>Commands</Filter>
    </ClInclude>
    <ClInclude Include="XBoxOneController.h">
      <Filter>Input</Filter>
    </ClInclude>
    <ClInclude Include="PlayerControllerComponent.h">
      <Filter>Component Files\PlayerControllerComponent</Filter>
    </ClInclude>
    <ClInclude Include="Observer.h">
      <Filter>Observer Files\Observer</Filter>
    </ClInclude>
    <ClInclude Include="Subject.h">
      <Filter>Observer Files\Subject</Filter>
    </ClInclude>
    <ClInclude Include="ScoreComponent.h">
      <Filter>Component Files\ScoreComponent</Filter>
    </ClInclude>
  </ItemGroup>
  <ItemGroup>
    <ClCompile Include="Font.cpp">
      <Filter>Minigin Files</Filter>
    </ClCompile>
    <ClCompile Include="GameObject.cpp">
      <Filter>Minigin Files</Filter>
    </ClCompile>
    <ClCompile Include="Minigin.cpp">
      <Filter>Minigin Files</Filter>
    </ClCompile>
    <ClCompile Include="MiniginPCH.cpp">
      <Filter>Minigin Files</Filter>
    </ClCompile>
    <ClCompile Include="Renderer.cpp">
      <Filter>Minigin Files</Filter>
    </ClCompile>
    <ClCompile Include="ResourceManager.cpp">
      <Filter>Minigin Files</Filter>
    </ClCompile>
    <ClCompile Include="Scene.cpp">
      <Filter>Minigin Files</Filter>
    </ClCompile>
    <ClCompile Include="SceneManager.cpp">
      <Filter>Minigin Files</Filter>
    </ClCompile>
    <ClCompile Include="Texture2D.cpp">
      <Filter>Minigin Files</Filter>
    </ClCompile>
    <ClCompile Include="Transform.cpp">
      <Filter>Minigin Files</Filter>
    </ClCompile>
    <ClCompile Include="TransformComponent.cpp">
      <Filter>Component Files\TransformComponent</Filter>
    </ClCompile>
    <ClCompile Include="RenderComponent.cpp">
      <Filter>Component Files\RenderComponent</Filter>
    </ClCompile>
    <ClCompile Include="Component.cpp">
      <Filter>Component Files</Filter>
    </ClCompile>
    <ClCompile Include="TextComponent.cpp">
      <Filter>Component Files\TextComponent</Filter>
    </ClCompile>
    <ClCompile Include="FPSComponent.cpp">
      <Filter>Component Files\FPSComponent</Filter>
    </ClCompile>
    <ClCompile Include="Clock.cpp">
      <Filter>Minigin Files\Clock</Filter>
    </ClCompile>
    <ClCompile Include="Imgui\imgui.cpp">
      <Filter>Imgui</Filter>
    </ClCompile>
    <ClCompile Include="Imgui\imgui_demo.cpp">
      <Filter>Imgui</Filter>
    </ClCompile>
    <ClCompile Include="Imgui\imgui_draw.cpp">
      <Filter>Imgui</Filter>
    </ClCompile>
    <ClCompile Include="Imgui\imgui_impl_opengl2.cpp">
      <Filter>Imgui</Filter>
    </ClCompile>
    <ClCompile Include="Imgui\imgui_impl_sdl.cpp">
      <Filter>Imgui</Filter>
    </ClCompile>
    <ClCompile Include="Imgui\imgui_tables.cpp">
      <Filter>Imgui</Filter>
    </ClCompile>
    <ClCompile Include="Imgui\imgui_widgets.cpp">
      <Filter>Imgui</Filter>
    </ClCompile>
    <ClCompile Include="Imgui\imgui_plot.cpp">
      <Filter>Imgui</Filter>
    </ClCompile>
    <ClCompile Include="ImGuiComponent.cpp">
      <Filter>Component Files\ImGuiComponent</Filter>
    </ClCompile>
    <ClCompile Include="InputManager.cpp">
      <Filter>Input</Filter>
    </ClCompile>
    <ClCompile Include="Command.cpp">
      <Filter>Commands</Filter>
    </ClCompile>
    <ClCompile Include="XBoxOneController.cpp">
      <Filter>Input</Filter>
    </ClCompile>
    <ClCompile Include="PlayerControllerComponent.cpp">
      <Filter>Component Files\PlayerControllerComponent</Filter>
    </ClCompile>
    <ClCompile Include="Subject.cpp">
      <Filter>Observer Files\Subject</Filter>
    </ClCompile>
    <ClCompile Include="ScoreComponent.cpp">
      <Filter>Component Files\ScoreComponent</Filter>
    </ClCompile>
  </ItemGroup>
</Project>